// !$*UTF8*$!
{
	archiveVersion = 1;
	classes = {
	};
	objectVersion = 56;
	objects = {

/* Begin PBXBuildFile section */
		E5C9E94F2A2E98FC0056E45F /* om_17App.swift in Sources */ = {isa = PBXBuildFile; fileRef = E5C9E94E2A2E98FC0056E45F /* om_17App.swift */; };
		E5C9E9512A2E98FC0056E45F /* Item.swift in Sources */ = {isa = PBXBuildFile; fileRef = E5C9E9502A2E98FC0056E45F /* Item.swift */; };
		E5C9E9532A2E98FC0056E45F /* ContentView.swift in Sources */ = {isa = PBXBuildFile; fileRef = E5C9E9522A2E98FC0056E45F /* ContentView.swift */; };
		E5C9E9552A2E98FD0056E45F /* Assets.xcassets in Resources */ = {isa = PBXBuildFile; fileRef = E5C9E9542A2E98FD0056E45F /* Assets.xcassets */; };
		E5C9E9592A2E98FD0056E45F /* Preview Assets.xcassets in Resources */ = {isa = PBXBuildFile; fileRef = E5C9E9582A2E98FD0056E45F /* Preview Assets.xcassets */; };
		E5C9E9632A2E98FE0056E45F /* om_17Tests.swift in Sources */ = {isa = PBXBuildFile; fileRef = E5C9E9622A2E98FE0056E45F /* om_17Tests.swift */; };
		E5C9E96D2A2E98FE0056E45F /* om_17UITests.swift in Sources */ = {isa = PBXBuildFile; fileRef = E5C9E96C2A2E98FE0056E45F /* om_17UITests.swift */; };
		E5C9E96F2A2E98FE0056E45F /* om_17UITestsLaunchTests.swift in Sources */ = {isa = PBXBuildFile; fileRef = E5C9E96E2A2E98FE0056E45F /* om_17UITestsLaunchTests.swift */; };
/* End PBXBuildFile section */

/* Begin PBXContainerItemProxy section */
		E5C9E95F2A2E98FE0056E45F /* PBXContainerItemProxy */ = {
			isa = PBXContainerItemProxy;
			containerPortal = E5C9E9432A2E98FC0056E45F /* Project object */;
			proxyType = 1;
			remoteGlobalIDString = E5C9E94A2A2E98FC0056E45F;
			remoteInfo = "om-17";
		};
		E5C9E9692A2E98FE0056E45F /* PBXContainerItemProxy */ = {
			isa = PBXContainerItemProxy;
			containerPortal = E5C9E9432A2E98FC0056E45F /* Project object */;
			proxyType = 1;
			remoteGlobalIDString = E5C9E94A2A2E98FC0056E45F;
			remoteInfo = "om-17";
		};
/* End PBXContainerItemProxy section */

/* Begin PBXFileReference section */
		E5C9E94B2A2E98FC0056E45F /* om-17.app */ = {isa = PBXFileReference; explicitFileType = wrapper.application; includeInIndex = 0; path = "om-17.app"; sourceTree = BUILT_PRODUCTS_DIR; };
		E5C9E94E2A2E98FC0056E45F /* om_17App.swift */ = {isa = PBXFileReference; lastKnownFileType = sourcecode.swift; path = om_17App.swift; sourceTree = "<group>"; };
		E5C9E9502A2E98FC0056E45F /* Item.swift */ = {isa = PBXFileReference; lastKnownFileType = sourcecode.swift; path = Item.swift; sourceTree = "<group>"; };
		E5C9E9522A2E98FC0056E45F /* ContentView.swift */ = {isa = PBXFileReference; lastKnownFileType = sourcecode.swift; path = ContentView.swift; sourceTree = "<group>"; };
		E5C9E9542A2E98FD0056E45F /* Assets.xcassets */ = {isa = PBXFileReference; lastKnownFileType = folder.assetcatalog; path = Assets.xcassets; sourceTree = "<group>"; };
		E5C9E9562A2E98FD0056E45F /* om_17.entitlements */ = {isa = PBXFileReference; lastKnownFileType = text.plist.entitlements; path = om_17.entitlements; sourceTree = "<group>"; };
		E5C9E9582A2E98FD0056E45F /* Preview Assets.xcassets */ = {isa = PBXFileReference; lastKnownFileType = folder.assetcatalog; path = "Preview Assets.xcassets"; sourceTree = "<group>"; };
		E5C9E95E2A2E98FE0056E45F /* om-17Tests.xctest */ = {isa = PBXFileReference; explicitFileType = wrapper.cfbundle; includeInIndex = 0; path = "om-17Tests.xctest"; sourceTree = BUILT_PRODUCTS_DIR; };
		E5C9E9622A2E98FE0056E45F /* om_17Tests.swift */ = {isa = PBXFileReference; lastKnownFileType = sourcecode.swift; path = om_17Tests.swift; sourceTree = "<group>"; };
		E5C9E9682A2E98FE0056E45F /* om-17UITests.xctest */ = {isa = PBXFileReference; explicitFileType = wrapper.cfbundle; includeInIndex = 0; path = "om-17UITests.xctest"; sourceTree = BUILT_PRODUCTS_DIR; };
		E5C9E96C2A2E98FE0056E45F /* om_17UITests.swift */ = {isa = PBXFileReference; lastKnownFileType = sourcecode.swift; path = om_17UITests.swift; sourceTree = "<group>"; };
		E5C9E96E2A2E98FE0056E45F /* om_17UITestsLaunchTests.swift */ = {isa = PBXFileReference; lastKnownFileType = sourcecode.swift; path = om_17UITestsLaunchTests.swift; sourceTree = "<group>"; };
/* End PBXFileReference section */

/* Begin PBXFrameworksBuildPhase section */
		E5C9E9482A2E98FC0056E45F /* Frameworks */ = {
			isa = PBXFrameworksBuildPhase;
			buildActionMask = 2147483647;
			files = (
			);
			runOnlyForDeploymentPostprocessing = 0;
		};
		E5C9E95B2A2E98FE0056E45F /* Frameworks */ = {
			isa = PBXFrameworksBuildPhase;
			buildActionMask = 2147483647;
			files = (
			);
			runOnlyForDeploymentPostprocessing = 0;
		};
		E5C9E9652A2E98FE0056E45F /* Frameworks */ = {
			isa = PBXFrameworksBuildPhase;
			buildActionMask = 2147483647;
			files = (
			);
			runOnlyForDeploymentPostprocessing = 0;
		};
/* End PBXFrameworksBuildPhase section */

/* Begin PBXGroup section */
		E5C9E9422A2E98FC0056E45F = {
			isa = PBXGroup;
			children = (
				E5C9E94D2A2E98FC0056E45F /* om-17 */,
				E5C9E9612A2E98FE0056E45F /* om-17Tests */,
				E5C9E96B2A2E98FE0056E45F /* om-17UITests */,
				E5C9E94C2A2E98FC0056E45F /* Products */,
			);
			sourceTree = "<group>";
		};
		E5C9E94C2A2E98FC0056E45F /* Products */ = {
			isa = PBXGroup;
			children = (
				E5C9E94B2A2E98FC0056E45F /* om-17.app */,
				E5C9E95E2A2E98FE0056E45F /* om-17Tests.xctest */,
				E5C9E9682A2E98FE0056E45F /* om-17UITests.xctest */,
			);
			name = Products;
			sourceTree = "<group>";
		};
		E5C9E94D2A2E98FC0056E45F /* om-17 */ = {
			isa = PBXGroup;
			children = (
				E5C9E94E2A2E98FC0056E45F /* om_17App.swift */,
				E5C9E9502A2E98FC0056E45F /* Item.swift */,
				E5C9E9522A2E98FC0056E45F /* ContentView.swift */,
				E5C9E9542A2E98FD0056E45F /* Assets.xcassets */,
				E5C9E9562A2E98FD0056E45F /* om_17.entitlements */,
				E5C9E9572A2E98FD0056E45F /* Preview Content */,
			);
			path = "om-17";
			sourceTree = "<group>";
		};
		E5C9E9572A2E98FD0056E45F /* Preview Content */ = {
			isa = PBXGroup;
			children = (
				E5C9E9582A2E98FD0056E45F /* Preview Assets.xcassets */,
			);
			path = "Preview Content";
			sourceTree = "<group>";
		};
		E5C9E9612A2E98FE0056E45F /* om-17Tests */ = {
			isa = PBXGroup;
			children = (
				E5C9E9622A2E98FE0056E45F /* om_17Tests.swift */,
			);
			path = "om-17Tests";
			sourceTree = "<group>";
		};
		E5C9E96B2A2E98FE0056E45F /* om-17UITests */ = {
			isa = PBXGroup;
			children = (
				E5C9E96C2A2E98FE0056E45F /* om_17UITests.swift */,
				E5C9E96E2A2E98FE0056E45F /* om_17UITestsLaunchTests.swift */,
			);
			path = "om-17UITests";
			sourceTree = "<group>";
		};
/* End PBXGroup section */

/* Begin PBXNativeTarget section */
		E5C9E94A2A2E98FC0056E45F /* om-17 */ = {
			isa = PBXNativeTarget;
			buildConfigurationList = E5C9E9722A2E98FE0056E45F /* Build configuration list for PBXNativeTarget "om-17" */;
			buildPhases = (
				E5C9E9472A2E98FC0056E45F /* Sources */,
				E5C9E9482A2E98FC0056E45F /* Frameworks */,
				E5C9E9492A2E98FC0056E45F /* Resources */,
			);
			buildRules = (
			);
			dependencies = (
			);
			name = "om-17";
			productName = "om-17";
			productReference = E5C9E94B2A2E98FC0056E45F /* om-17.app */;
			productType = "com.apple.product-type.application";
		};
		E5C9E95D2A2E98FE0056E45F /* om-17Tests */ = {
			isa = PBXNativeTarget;
			buildConfigurationList = E5C9E9752A2E98FE0056E45F /* Build configuration list for PBXNativeTarget "om-17Tests" */;
			buildPhases = (
				E5C9E95A2A2E98FE0056E45F /* Sources */,
				E5C9E95B2A2E98FE0056E45F /* Frameworks */,
				E5C9E95C2A2E98FE0056E45F /* Resources */,
			);
			buildRules = (
			);
			dependencies = (
				E5C9E9602A2E98FE0056E45F /* PBXTargetDependency */,
			);
			name = "om-17Tests";
			productName = "om-17Tests";
			productReference = E5C9E95E2A2E98FE0056E45F /* om-17Tests.xctest */;
			productType = "com.apple.product-type.bundle.unit-test";
		};
		E5C9E9672A2E98FE0056E45F /* om-17UITests */ = {
			isa = PBXNativeTarget;
			buildConfigurationList = E5C9E9782A2E98FE0056E45F /* Build configuration list for PBXNativeTarget "om-17UITests" */;
			buildPhases = (
				E5C9E9642A2E98FE0056E45F /* Sources */,
				E5C9E9652A2E98FE0056E45F /* Frameworks */,
				E5C9E9662A2E98FE0056E45F /* Resources */,
			);
			buildRules = (
			);
			dependencies = (
				E5C9E96A2A2E98FE0056E45F /* PBXTargetDependency */,
			);
			name = "om-17UITests";
			productName = "om-17UITests";
			productReference = E5C9E9682A2E98FE0056E45F /* om-17UITests.xctest */;
			productType = "com.apple.product-type.bundle.ui-testing";
		};
/* End PBXNativeTarget section */

/* Begin PBXProject section */
		E5C9E9432A2E98FC0056E45F /* Project object */ = {
			isa = PBXProject;
			attributes = {
				BuildIndependentTargetsInParallel = 1;
				LastSwiftUpdateCheck = 1500;
				LastUpgradeCheck = 1500;
				TargetAttributes = {
					E5C9E94A2A2E98FC0056E45F = {
						CreatedOnToolsVersion = 15.0;
					};
					E5C9E95D2A2E98FE0056E45F = {
						CreatedOnToolsVersion = 15.0;
						TestTargetID = E5C9E94A2A2E98FC0056E45F;
					};
					E5C9E9672A2E98FE0056E45F = {
						CreatedOnToolsVersion = 15.0;
						TestTargetID = E5C9E94A2A2E98FC0056E45F;
					};
				};
			};
			buildConfigurationList = E5C9E9462A2E98FC0056E45F /* Build configuration list for PBXProject "om-17" */;
			compatibilityVersion = "Xcode 14.0";
			developmentRegion = en;
			hasScannedForEncodings = 0;
			knownRegions = (
				en,
				Base,
			);
			mainGroup = E5C9E9422A2E98FC0056E45F;
			productRefGroup = E5C9E94C2A2E98FC0056E45F /* Products */;
			projectDirPath = "";
			projectRoot = "";
			targets = (
				E5C9E94A2A2E98FC0056E45F /* om-17 */,
				E5C9E95D2A2E98FE0056E45F /* om-17Tests */,
				E5C9E9672A2E98FE0056E45F /* om-17UITests */,
			);
		};
/* End PBXProject section */

/* Begin PBXResourcesBuildPhase section */
		E5C9E9492A2E98FC0056E45F /* Resources */ = {
			isa = PBXResourcesBuildPhase;
			buildActionMask = 2147483647;
			files = (
				E5C9E9592A2E98FD0056E45F /* Preview Assets.xcassets in Resources */,
				E5C9E9552A2E98FD0056E45F /* Assets.xcassets in Resources */,
			);
			runOnlyForDeploymentPostprocessing = 0;
		};
		E5C9E95C2A2E98FE0056E45F /* Resources */ = {
			isa = PBXResourcesBuildPhase;
			buildActionMask = 2147483647;
			files = (
			);
			runOnlyForDeploymentPostprocessing = 0;
		};
		E5C9E9662A2E98FE0056E45F /* Resources */ = {
			isa = PBXResourcesBuildPhase;
			buildActionMask = 2147483647;
			files = (
			);
			runOnlyForDeploymentPostprocessing = 0;
		};
/* End PBXResourcesBuildPhase section */

/* Begin PBXSourcesBuildPhase section */
		E5C9E9472A2E98FC0056E45F /* Sources */ = {
			isa = PBXSourcesBuildPhase;
			buildActionMask = 2147483647;
			files = (
				E5C9E9512A2E98FC0056E45F /* Item.swift in Sources */,
				E5C9E94F2A2E98FC0056E45F /* om_17App.swift in Sources */,
				E5C9E9532A2E98FC0056E45F /* ContentView.swift in Sources */,
			);
			runOnlyForDeploymentPostprocessing = 0;
		};
		E5C9E95A2A2E98FE0056E45F /* Sources */ = {
			isa = PBXSourcesBuildPhase;
			buildActionMask = 2147483647;
			files = (
				E5C9E9632A2E98FE0056E45F /* om_17Tests.swift in Sources */,
			);
			runOnlyForDeploymentPostprocessing = 0;
		};
		E5C9E9642A2E98FE0056E45F /* Sources */ = {
			isa = PBXSourcesBuildPhase;
			buildActionMask = 2147483647;
			files = (
				E5C9E96F2A2E98FE0056E45F /* om_17UITestsLaunchTests.swift in Sources */,
				E5C9E96D2A2E98FE0056E45F /* om_17UITests.swift in Sources */,
			);
			runOnlyForDeploymentPostprocessing = 0;
		};
/* End PBXSourcesBuildPhase section */

/* Begin PBXTargetDependency section */
		E5C9E9602A2E98FE0056E45F /* PBXTargetDependency */ = {
			isa = PBXTargetDependency;
			target = E5C9E94A2A2E98FC0056E45F /* om-17 */;
			targetProxy = E5C9E95F2A2E98FE0056E45F /* PBXContainerItemProxy */;
		};
		E5C9E96A2A2E98FE0056E45F /* PBXTargetDependency */ = {
			isa = PBXTargetDependency;
			target = E5C9E94A2A2E98FC0056E45F /* om-17 */;
			targetProxy = E5C9E9692A2E98FE0056E45F /* PBXContainerItemProxy */;
		};
/* End PBXTargetDependency section */

/* Begin XCBuildConfiguration section */
		E5C9E9702A2E98FE0056E45F /* Debug */ = {
			isa = XCBuildConfiguration;
			buildSettings = {
				ALWAYS_SEARCH_USER_PATHS = NO;
				ASSETCATALOG_COMPILER_GENERATE_SWIFT_ASSET_SYMBOL_EXTENSIONS = YES;
				CLANG_ANALYZER_NONNULL = YES;
				CLANG_ANALYZER_NUMBER_OBJECT_CONVERSION = YES_AGGRESSIVE;
				CLANG_CXX_LANGUAGE_STANDARD = "gnu++20";
				CLANG_ENABLE_MODULES = YES;
				CLANG_ENABLE_OBJC_ARC = YES;
				CLANG_ENABLE_OBJC_WEAK = YES;
				CLANG_WARN_BLOCK_CAPTURE_AUTORELEASING = YES;
				CLANG_WARN_BOOL_CONVERSION = YES;
				CLANG_WARN_COMMA = YES;
				CLANG_WARN_CONSTANT_CONVERSION = YES;
				CLANG_WARN_DEPRECATED_OBJC_IMPLEMENTATIONS = YES;
				CLANG_WARN_DIRECT_OBJC_ISA_USAGE = YES_ERROR;
				CLANG_WARN_DOCUMENTATION_COMMENTS = YES;
				CLANG_WARN_EMPTY_BODY = YES;
				CLANG_WARN_ENUM_CONVERSION = YES;
				CLANG_WARN_INFINITE_RECURSION = YES;
				CLANG_WARN_INT_CONVERSION = YES;
				CLANG_WARN_NON_LITERAL_NULL_CONVERSION = YES;
				CLANG_WARN_OBJC_IMPLICIT_RETAIN_SELF = YES;
				CLANG_WARN_OBJC_LITERAL_CONVERSION = YES;
				CLANG_WARN_OBJC_ROOT_CLASS = YES_ERROR;
				CLANG_WARN_QUOTED_INCLUDE_IN_FRAMEWORK_HEADER = YES;
				CLANG_WARN_RANGE_LOOP_ANALYSIS = YES;
				CLANG_WARN_STRICT_PROTOTYPES = YES;
				CLANG_WARN_SUSPICIOUS_MOVE = YES;
				CLANG_WARN_UNGUARDED_AVAILABILITY = YES_AGGRESSIVE;
				CLANG_WARN_UNREACHABLE_CODE = YES;
				CLANG_WARN__DUPLICATE_METHOD_MATCH = YES;
				COPY_PHASE_STRIP = NO;
				DEBUG_INFORMATION_FORMAT = dwarf;
				ENABLE_STRICT_OBJC_MSGSEND = YES;
				ENABLE_TESTABILITY = YES;
				ENABLE_USER_SCRIPT_SANDBOXING = YES;
				GCC_C_LANGUAGE_STANDARD = gnu17;
				GCC_DYNAMIC_NO_PIC = NO;
				GCC_NO_COMMON_BLOCKS = YES;
				GCC_OPTIMIZATION_LEVEL = 0;
				GCC_PREPROCESSOR_DEFINITIONS = (
					"DEBUG=1",
					"$(inherited)",
				);
				GCC_WARN_64_TO_32_BIT_CONVERSION = YES;
				GCC_WARN_ABOUT_RETURN_TYPE = YES_ERROR;
				GCC_WARN_UNDECLARED_SELECTOR = YES;
				GCC_WARN_UNINITIALIZED_AUTOS = YES_AGGRESSIVE;
				GCC_WARN_UNUSED_FUNCTION = YES;
				GCC_WARN_UNUSED_VARIABLE = YES;
				LOCALIZATION_PREFERS_STRING_CATALOGS = YES;
				MTL_ENABLE_DEBUG_INFO = INCLUDE_SOURCE;
				MTL_FAST_MATH = YES;
				ONLY_ACTIVE_ARCH = YES;
				SWIFT_ACTIVE_COMPILATION_CONDITIONS = "DEBUG $(inherited)";
				SWIFT_OPTIMIZATION_LEVEL = "-Onone";
			};
			name = Debug;
		};
		E5C9E9712A2E98FE0056E45F /* Release */ = {
			isa = XCBuildConfiguration;
			buildSettings = {
				ALWAYS_SEARCH_USER_PATHS = NO;
				ASSETCATALOG_COMPILER_GENERATE_SWIFT_ASSET_SYMBOL_EXTENSIONS = YES;
				CLANG_ANALYZER_NONNULL = YES;
				CLANG_ANALYZER_NUMBER_OBJECT_CONVERSION = YES_AGGRESSIVE;
				CLANG_CXX_LANGUAGE_STANDARD = "gnu++20";
				CLANG_ENABLE_MODULES = YES;
				CLANG_ENABLE_OBJC_ARC = YES;
				CLANG_ENABLE_OBJC_WEAK = YES;
				CLANG_WARN_BLOCK_CAPTURE_AUTORELEASING = YES;
				CLANG_WARN_BOOL_CONVERSION = YES;
				CLANG_WARN_COMMA = YES;
				CLANG_WARN_CONSTANT_CONVERSION = YES;
				CLANG_WARN_DEPRECATED_OBJC_IMPLEMENTATIONS = YES;
				CLANG_WARN_DIRECT_OBJC_ISA_USAGE = YES_ERROR;
				CLANG_WARN_DOCUMENTATION_COMMENTS = YES;
				CLANG_WARN_EMPTY_BODY = YES;
				CLANG_WARN_ENUM_CONVERSION = YES;
				CLANG_WARN_INFINITE_RECURSION = YES;
				CLANG_WARN_INT_CONVERSION = YES;
				CLANG_WARN_NON_LITERAL_NULL_CONVERSION = YES;
				CLANG_WARN_OBJC_IMPLICIT_RETAIN_SELF = YES;
				CLANG_WARN_OBJC_LITERAL_CONVERSION = YES;
				CLANG_WARN_OBJC_ROOT_CLASS = YES_ERROR;
				CLANG_WARN_QUOTED_INCLUDE_IN_FRAMEWORK_HEADER = YES;
				CLANG_WARN_RANGE_LOOP_ANALYSIS = YES;
				CLANG_WARN_STRICT_PROTOTYPES = YES;
				CLANG_WARN_SUSPICIOUS_MOVE = YES;
				CLANG_WARN_UNGUARDED_AVAILABILITY = YES_AGGRESSIVE;
				CLANG_WARN_UNREACHABLE_CODE = YES;
				CLANG_WARN__DUPLICATE_METHOD_MATCH = YES;
				COPY_PHASE_STRIP = NO;
				DEBUG_INFORMATION_FORMAT = "dwarf-with-dsym";
				ENABLE_NS_ASSERTIONS = NO;
				ENABLE_STRICT_OBJC_MSGSEND = YES;
				ENABLE_USER_SCRIPT_SANDBOXING = YES;
				GCC_C_LANGUAGE_STANDARD = gnu17;
				GCC_NO_COMMON_BLOCKS = YES;
				GCC_WARN_64_TO_32_BIT_CONVERSION = YES;
				GCC_WARN_ABOUT_RETURN_TYPE = YES_ERROR;
				GCC_WARN_UNDECLARED_SELECTOR = YES;
				GCC_WARN_UNINITIALIZED_AUTOS = YES_AGGRESSIVE;
				GCC_WARN_UNUSED_FUNCTION = YES;
				GCC_WARN_UNUSED_VARIABLE = YES;
				LOCALIZATION_PREFERS_STRING_CATALOGS = YES;
				MTL_ENABLE_DEBUG_INFO = NO;
				MTL_FAST_MATH = YES;
				SWIFT_COMPILATION_MODE = wholemodule;
			};
			name = Release;
		};
		E5C9E9732A2E98FE0056E45F /* Debug */ = {
			isa = XCBuildConfiguration;
			buildSettings = {
				ASSETCATALOG_COMPILER_APPICON_NAME = AppIcon;
				ASSETCATALOG_COMPILER_GLOBAL_ACCENT_COLOR_NAME = AccentColor;
				CODE_SIGN_ENTITLEMENTS = "om-17/om_17.entitlements";
				CODE_SIGN_STYLE = Automatic;
				CURRENT_PROJECT_VERSION = 1;
				DEVELOPMENT_ASSET_PATHS = "\"om-17/Preview Content\"";
				DEVELOPMENT_TEAM = 9FHFSG84SL;
				ENABLE_HARDENED_RUNTIME = YES;
				ENABLE_PREVIEWS = YES;
				GENERATE_INFOPLIST_FILE = YES;
				"INFOPLIST_KEY_UIApplicationSceneManifest_Generation[sdk=iphoneos*]" = YES;
				"INFOPLIST_KEY_UIApplicationSceneManifest_Generation[sdk=iphonesimulator*]" = YES;
				"INFOPLIST_KEY_UIApplicationSupportsIndirectInputEvents[sdk=iphoneos*]" = YES;
				"INFOPLIST_KEY_UIApplicationSupportsIndirectInputEvents[sdk=iphonesimulator*]" = YES;
				"INFOPLIST_KEY_UILaunchScreen_Generation[sdk=iphoneos*]" = YES;
				"INFOPLIST_KEY_UILaunchScreen_Generation[sdk=iphonesimulator*]" = YES;
				"INFOPLIST_KEY_UIStatusBarStyle[sdk=iphoneos*]" = UIStatusBarStyleDefault;
				"INFOPLIST_KEY_UIStatusBarStyle[sdk=iphonesimulator*]" = UIStatusBarStyleDefault;
				INFOPLIST_KEY_UISupportedInterfaceOrientations_iPad = "UIInterfaceOrientationPortrait UIInterfaceOrientationPortraitUpsideDown UIInterfaceOrientationLandscapeLeft UIInterfaceOrientationLandscapeRight";
				INFOPLIST_KEY_UISupportedInterfaceOrientations_iPhone = "UIInterfaceOrientationPortrait UIInterfaceOrientationLandscapeLeft UIInterfaceOrientationLandscapeRight";
				IPHONEOS_DEPLOYMENT_TARGET = 17.0;
				LD_RUNPATH_SEARCH_PATHS = "@executable_path/Frameworks";
				"LD_RUNPATH_SEARCH_PATHS[sdk=macosx*]" = "@executable_path/../Frameworks";
				MACOSX_DEPLOYMENT_TARGET = 13.3;
				MARKETING_VERSION = 1.0;
				PRODUCT_BUNDLE_IDENTIFIER = "openmusic-inc.om-17";
				PRODUCT_NAME = "$(TARGET_NAME)";
				SDKROOT = auto;
				SUPPORTED_PLATFORMS = "iphoneos iphonesimulator macosx";
				SWIFT_EMIT_LOC_STRINGS = YES;
				SWIFT_VERSION = 5.0;
				TARGETED_DEVICE_FAMILY = "1,2";
			};
			name = Debug;
		};
		E5C9E9742A2E98FE0056E45F /* Release */ = {
			isa = XCBuildConfiguration;
			buildSettings = {
				ASSETCATALOG_COMPILER_APPICON_NAME = AppIcon;
				ASSETCATALOG_COMPILER_GLOBAL_ACCENT_COLOR_NAME = AccentColor;
				CODE_SIGN_ENTITLEMENTS = "om-17/om_17.entitlements";
				CODE_SIGN_STYLE = Automatic;
				CURRENT_PROJECT_VERSION = 1;
				DEVELOPMENT_ASSET_PATHS = "\"om-17/Preview Content\"";
				DEVELOPMENT_TEAM = 9FHFSG84SL;
				ENABLE_HARDENED_RUNTIME = YES;
				ENABLE_PREVIEWS = YES;
				GENERATE_INFOPLIST_FILE = YES;
				"INFOPLIST_KEY_UIApplicationSceneManifest_Generation[sdk=iphoneos*]" = YES;
				"INFOPLIST_KEY_UIApplicationSceneManifest_Generation[sdk=iphonesimulator*]" = YES;
				"INFOPLIST_KEY_UIApplicationSupportsIndirectInputEvents[sdk=iphoneos*]" = YES;
				"INFOPLIST_KEY_UIApplicationSupportsIndirectInputEvents[sdk=iphonesimulator*]" = YES;
				"INFOPLIST_KEY_UILaunchScreen_Generation[sdk=iphoneos*]" = YES;
				"INFOPLIST_KEY_UILaunchScreen_Generation[sdk=iphonesimulator*]" = YES;
				"INFOPLIST_KEY_UIStatusBarStyle[sdk=iphoneos*]" = UIStatusBarStyleDefault;
				"INFOPLIST_KEY_UIStatusBarStyle[sdk=iphonesimulator*]" = UIStatusBarStyleDefault;
				INFOPLIST_KEY_UISupportedInterfaceOrientations_iPad = "UIInterfaceOrientationPortrait UIInterfaceOrientationPortraitUpsideDown UIInterfaceOrientationLandscapeLeft UIInterfaceOrientationLandscapeRight";
				INFOPLIST_KEY_UISupportedInterfaceOrientations_iPhone = "UIInterfaceOrientationPortrait UIInterfaceOrientationLandscapeLeft UIInterfaceOrientationLandscapeRight";
				IPHONEOS_DEPLOYMENT_TARGET = 17.0;
				LD_RUNPATH_SEARCH_PATHS = "@executable_path/Frameworks";
				"LD_RUNPATH_SEARCH_PATHS[sdk=macosx*]" = "@executable_path/../Frameworks";
				MACOSX_DEPLOYMENT_TARGET = 13.3;
				MARKETING_VERSION = 1.0;
				PRODUCT_BUNDLE_IDENTIFIER = "openmusic-inc.om-17";
				PRODUCT_NAME = "$(TARGET_NAME)";
				SDKROOT = auto;
				SUPPORTED_PLATFORMS = "iphoneos iphonesimulator macosx";
				SWIFT_EMIT_LOC_STRINGS = YES;
				SWIFT_VERSION = 5.0;
				TARGETED_DEVICE_FAMILY = "1,2";
			};
			name = Release;
		};
		E5C9E9762A2E98FE0056E45F /* Debug */ = {
			isa = XCBuildConfiguration;
			buildSettings = {
				ALWAYS_EMBED_SWIFT_STANDARD_LIBRARIES = YES;
				BUNDLE_LOADER = "$(TEST_HOST)";
				CODE_SIGN_STYLE = Automatic;
				CURRENT_PROJECT_VERSION = 1;
				DEVELOPMENT_TEAM = 9FHFSG84SL;
				GENERATE_INFOPLIST_FILE = YES;
				IPHONEOS_DEPLOYMENT_TARGET = 17.0;
				MACOSX_DEPLOYMENT_TARGET = 13.3;
				MARKETING_VERSION = 1.0;
				PRODUCT_BUNDLE_IDENTIFIER = "openmusic-inc.om-17Tests";
				PRODUCT_NAME = "$(TARGET_NAME)";
				SDKROOT = auto;
				SUPPORTED_PLATFORMS = "iphoneos iphonesimulator macosx";
				SWIFT_EMIT_LOC_STRINGS = NO;
				SWIFT_VERSION = 5.0;
				TARGETED_DEVICE_FAMILY = "1,2";
				TEST_HOST = "$(BUILT_PRODUCTS_DIR)/om-17.app/$(BUNDLE_EXECUTABLE_FOLDER_PATH)/om-17";
			};
			name = Debug;
		};
		E5C9E9772A2E98FE0056E45F /* Release */ = {
			isa = XCBuildConfiguration;
			buildSettings = {
				ALWAYS_EMBED_SWIFT_STANDARD_LIBRARIES = YES;
				BUNDLE_LOADER = "$(TEST_HOST)";
				CODE_SIGN_STYLE = Automatic;
				CURRENT_PROJECT_VERSION = 1;
				DEVELOPMENT_TEAM = 9FHFSG84SL;
				GENERATE_INFOPLIST_FILE = YES;
				IPHONEOS_DEPLOYMENT_TARGET = 17.0;
				MACOSX_DEPLOYMENT_TARGET = 13.3;
				MARKETING_VERSION = 1.0;
				PRODUCT_BUNDLE_IDENTIFIER = "openmusic-inc.om-17Tests";
				PRODUCT_NAME = "$(TARGET_NAME)";
				SDKROOT = auto;
				SUPPORTED_PLATFORMS = "iphoneos iphonesimulator macosx";
				SWIFT_EMIT_LOC_STRINGS = NO;
				SWIFT_VERSION = 5.0;
				TARGETED_DEVICE_FAMILY = "1,2";
				TEST_HOST = "$(BUILT_PRODUCTS_DIR)/om-17.app/$(BUNDLE_EXECUTABLE_FOLDER_PATH)/om-17";
			};
			name = Release;
		};
		E5C9E9792A2E98FE0056E45F /* Debug */ = {
			isa = XCBuildConfiguration;
			buildSettings = {
				ALWAYS_EMBED_SWIFT_STANDARD_LIBRARIES = YES;
				CODE_SIGN_STYLE = Automatic;
				CURRENT_PROJECT_VERSION = 1;
				DEVELOPMENT_TEAM = 9FHFSG84SL;
				GENERATE_INFOPLIST_FILE = YES;
				IPHONEOS_DEPLOYMENT_TARGET = 17.0;
				MACOSX_DEPLOYMENT_TARGET = 13.3;
				MARKETING_VERSION = 1.0;
				PRODUCT_BUNDLE_IDENTIFIER = "openmusic-inc.om-17UITests";
				PRODUCT_NAME = "$(TARGET_NAME)";
				SDKROOT = auto;
				SUPPORTED_PLATFORMS = "iphoneos iphonesimulator macosx";
				SWIFT_EMIT_LOC_STRINGS = NO;
				SWIFT_VERSION = 5.0;
				TARGETED_DEVICE_FAMILY = "1,2";
				TEST_TARGET_NAME = "om-17";
			};
			name = Debug;
		};
		E5C9E97A2A2E98FE0056E45F /* Release */ = {
			isa = XCBuildConfiguration;
			buildSettings = {
				ALWAYS_EMBED_SWIFT_STANDARD_LIBRARIES = YES;
				CODE_SIGN_STYLE = Automatic;
				CURRENT_PROJECT_VERSION = 1;
				DEVELOPMENT_TEAM = 9FHFSG84SL;
				GENERATE_INFOPLIST_FILE = YES;
				IPHONEOS_DEPLOYMENT_TARGET = 17.0;
				MACOSX_DEPLOYMENT_TARGET = 13.3;
				MARKETING_VERSION = 1.0;
				PRODUCT_BUNDLE_IDENTIFIER = "openmusic-inc.om-17UITests";
				PRODUCT_NAME = "$(TARGET_NAME)";
				SDKROOT = auto;
				SUPPORTED_PLATFORMS = "iphoneos iphonesimulator macosx";
				SWIFT_EMIT_LOC_STRINGS = NO;
				SWIFT_VERSION = 5.0;
				TARGETED_DEVICE_FAMILY = "1,2";
				TEST_TARGET_NAME = "om-17";
			};
			name = Release;
		};
/* End XCBuildConfiguration section */

/* Begin XCConfigurationList section */
		E5C9E9462A2E98FC0056E45F /* Build configuration list for PBXProject "om-17" */ = {
			isa = XCConfigurationList;
			buildConfigurations = (
				E5C9E9702A2E98FE0056E45F /* Debug */,
				E5C9E9712A2E98FE0056E45F /* Release */,
			);
			defaultConfigurationIsVisible = 0;
			defaultConfigurationName = Release;
		};
		E5C9E9722A2E98FE0056E45F /* Build configuration list for PBXNativeTarget "om-17" */ = {
			isa = XCConfigurationList;
			buildConfigurations = (
				E5C9E9732A2E98FE0056E45F /* Debug */,
				E5C9E9742A2E98FE0056E45F /* Release */,
			);
			defaultConfigurationIsVisible = 0;
			defaultConfigurationName = Release;
		};
		E5C9E9752A2E98FE0056E45F /* Build configuration list for PBXNativeTarget "om-17Tests" */ = {
			isa = XCConfigurationList;
			buildConfigurations = (
				E5C9E9762A2E98FE0056E45F /* Debug */,
				E5C9E9772A2E98FE0056E45F /* Release */,
			);
			defaultConfigurationIsVisible = 0;
			defaultConfigurationName = Release;
		};
		E5C9E9782A2E98FE0056E45F /* Build configuration list for PBXNativeTarget "om-17UITests" */ = {
			isa = XCConfigurationList;
			buildConfigurations = (
				E5C9E9792A2E98FE0056E45F /* Debug */,
				E5C9E97A2A2E98FE0056E45F /* Release */,
			);
			defaultConfigurationIsVisible = 0;
			defaultConfigurationName = Release;
		};
/* End XCConfigurationList section */
	};
	rootObject = E5C9E9432A2E98FC0056E45F /* Project object */;
}
